github.com/gopowersupply/intelcpu v0.0.0-20200102204126-a66b630402cb h1:b37s1aF02xiL7xil3bu6kZbAisZaS4yIw/xmJCLAAu0=
github.com/gopowersupply/intelcpu/common v0.0.0-20200102204126-a66b630402cb h1:IWTkDNfxscP9ATG+lsnTR69oE4CD5TRZ0sstzvgcW50=
github.com/gopowersupply/intelcpu/common v0.0.0-20200102204126-a66b630402cb/go.mod h1:RK9H60GZtIEaevGQJ3W4Ef6I0M+7jN2sY9AHzr+snKA=
